
Microsoft Visual Studio Solution File, Format Version 12.00
# Visual Studio Version 16
VisualStudioVersion = 16.0.30907.101
MinimumVisualStudioVersion = 10.0.40219.1
Project("{FAE04EC0-301F-11D3-BF4B-00C04F79EFBC}") = "UserMaintenance", "UserMaintenance.csproj", "{D414DD98-A087-48D7-9A90-E5ECC93CF425}"
EndProject
Global
	GlobalSection(SolutionConfigurationPlatforms) = preSolution
		Debug|Any CPU = Debug|Any CPU
		Release|Any CPU = Release|Any CPU
	EndGlobalSection
	GlobalSection(ProjectConfigurationPlatforms) = postSolution
		{D414DD98-A087-48D7-9A90-E5ECC93CF425}.Debug|Any CPU.ActiveCfg = Debug|Any CPU
		{D414DD98-A087-48D7-9A90-E5ECC93CF425}.Debug|Any CPU.Build.0 = Debug|Any CPU
		{D414DD98-A087-48D7-9A90-E5ECC93CF425}.Release|Any CPU.ActiveCfg = Release|Any CPU
		{D414DD98-A087-48D7-9A90-E5ECC93CF425}.Release|Any CPU.Build.0 = Release|Any CPU
	EndGlobalSection
	GlobalSection(SolutionProperties) = preSolution
		HideSolutionNode = FALSE
	EndGlobalSection
	GlobalSection(ExtensibilityGlobals) = postSolution
		SolutionGuid = {C93DA6E2-90AE-4667-8CDE-5E4F6470E3CD}
	EndGlobalSection
EndGlobal
